
Microsoft Visual Studio Solution File, Format Version 12.00
# Visual Studio 2013
VisualStudioVersion = 12.0.30501.0
MinimumVisualStudioVersion = 10.0.40219.1
Project("{8BC9CEB8-8B4A-11D0-8D11-00A0C91BC942}") = "13 两数之间比较大小 求大值", "13 两数之间比较大小 求大值\13 两数之间比较大小 求大值.vcxproj", "{F2DAFA90-852F-477B-886D-D234EBA344C7}"
EndProject
Project("{8BC9CEB8-8B4A-11D0-8D11-00A0C91BC942}") = "14 比较两数的大小", "..\14 比较两数的大小\14 比较两数的大小.vcxproj", "{EF82C040-DFF7-449C-B286-FA3C54400C24}"
EndProject
Project("{8BC9CEB8-8B4A-11D0-8D11-00A0C91BC942}") = "15 static关键字", "..\15 static关键字\15 static关键字.vcxproj", "{96D91435-A464-463B-A202-967A4CB4F888}"
EndProject
Global
	GlobalSection(SolutionConfigurationPlatforms) = preSolution
		Debug|Win32 = Debug|Win32
		Release|Win32 = Release|Win32
	EndGlobalSection
	GlobalSection(ProjectConfigurationPlatforms) = postSolution
		{F2DAFA90-852F-477B-886D-D234EBA344C7}.Debug|Win32.ActiveCfg = Debug|Win32
		{F2DAFA90-852F-477B-886D-D234EBA344C7}.Debug|Win32.Build.0 = Debug|Win32
		{F2DAFA90-852F-477B-886D-D234EBA344C7}.Release|Win32.ActiveCfg = Release|Win32
		{F2DAFA90-852F-477B-886D-D234EBA344C7}.Release|Win32.Build.0 = Release|Win32
		{EF82C040-DFF7-449C-B286-FA3C54400C24}.Debug|Win32.ActiveCfg = Debug|Win32
		{EF82C040-DFF7-449C-B286-FA3C54400C24}.Debug|Win32.Build.0 = Debug|Win32
		{EF82C040-DFF7-449C-B286-FA3C54400C24}.Release|Win32.ActiveCfg = Release|Win32
		{EF82C040-DFF7-449C-B286-FA3C54400C24}.Release|Win32.Build.0 = Release|Win32
		{96D91435-A464-463B-A202-967A4CB4F888}.Debug|Win32.ActiveCfg = Debug|Win32
		{96D91435-A464-463B-A202-967A4CB4F888}.Debug|Win32.Build.0 = Debug|Win32
		{96D91435-A464-463B-A202-967A4CB4F888}.Release|Win32.ActiveCfg = Release|Win32
		{96D91435-A464-463B-A202-967A4CB4F888}.Release|Win32.Build.0 = Release|Win32
	EndGlobalSection
	GlobalSection(SolutionProperties) = preSolution
		HideSolutionNode = FALSE
	EndGlobalSection
EndGlobal
