
Microsoft Visual Studio Solution File, Format Version 12.00
# Visual Studio 2013
VisualStudioVersion = 12.0.30501.0
MinimumVisualStudioVersion = 10.0.40219.1
Project("{8BC9CEB8-8B4A-11D0-8D11-00A0C91BC942}") = "01 结构体内存对齐练习", "01 结构体内存对齐练习\01 结构体内存对齐练习.vcxproj", "{BC1BFA97-8272-4E58-AA50-15457D01C2BD}"
EndProject
Project("{8BC9CEB8-8B4A-11D0-8D11-00A0C91BC942}") = "01 testCode", "..\..\4.18\01 testCode\01 testCode.vcxproj", "{4B68102B-3E86-438E-B973-10EFC76989B0}"
EndProject
Global
	GlobalSection(SolutionConfigurationPlatforms) = preSolution
		Debug|Win32 = Debug|Win32
		Release|Win32 = Release|Win32
	EndGlobalSection
	GlobalSection(ProjectConfigurationPlatforms) = postSolution
		{BC1BFA97-8272-4E58-AA50-15457D01C2BD}.Debug|Win32.ActiveCfg = Debug|Win32
		{BC1BFA97-8272-4E58-AA50-15457D01C2BD}.Debug|Win32.Build.0 = Debug|Win32
		{BC1BFA97-8272-4E58-AA50-15457D01C2BD}.Release|Win32.ActiveCfg = Release|Win32
		{BC1BFA97-8272-4E58-AA50-15457D01C2BD}.Release|Win32.Build.0 = Release|Win32
		{4B68102B-3E86-438E-B973-10EFC76989B0}.Debug|Win32.ActiveCfg = Debug|Win32
		{4B68102B-3E86-438E-B973-10EFC76989B0}.Debug|Win32.Build.0 = Debug|Win32
		{4B68102B-3E86-438E-B973-10EFC76989B0}.Release|Win32.ActiveCfg = Release|Win32
		{4B68102B-3E86-438E-B973-10EFC76989B0}.Release|Win32.Build.0 = Release|Win32
	EndGlobalSection
	GlobalSection(SolutionProperties) = preSolution
		HideSolutionNode = FALSE
	EndGlobalSection
EndGlobal
