
Microsoft Visual Studio Solution File, Format Version 12.00
# Visual Studio 2013
VisualStudioVersion = 12.0.30501.0
MinimumVisualStudioVersion = 10.0.40219.1
Project("{8BC9CEB8-8B4A-11D0-8D11-00A0C91BC942}") = "01 类型转化课堂操练", "01 类型转化课堂操练\01 类型转化课堂操练.vcxproj", "{AE8721B8-1A89-4FD1-9B4B-E205626549E7}"
EndProject
Project("{8BC9CEB8-8B4A-11D0-8D11-00A0C91BC942}") = "02 异常的基本语法", "..\02 异常的基本语法\02 异常的基本语法.vcxproj", "{07C6C3BD-B58E-4264-8B9B-965C20827ED4}"
EndProject
Project("{8BC9CEB8-8B4A-11D0-8D11-00A0C91BC942}") = "03 标准io输入", "..\03 标准io输入\03 标准io输入.vcxproj", "{1EB6AD02-EAF4-48F2-9649-6166633C47F3}"
EndProject
Global
	GlobalSection(SolutionConfigurationPlatforms) = preSolution
		Debug|Win32 = Debug|Win32
		Release|Win32 = Release|Win32
	EndGlobalSection
	GlobalSection(ProjectConfigurationPlatforms) = postSolution
		{AE8721B8-1A89-4FD1-9B4B-E205626549E7}.Debug|Win32.ActiveCfg = Debug|Win32
		{AE8721B8-1A89-4FD1-9B4B-E205626549E7}.Debug|Win32.Build.0 = Debug|Win32
		{AE8721B8-1A89-4FD1-9B4B-E205626549E7}.Release|Win32.ActiveCfg = Release|Win32
		{AE8721B8-1A89-4FD1-9B4B-E205626549E7}.Release|Win32.Build.0 = Release|Win32
		{07C6C3BD-B58E-4264-8B9B-965C20827ED4}.Debug|Win32.ActiveCfg = Debug|Win32
		{07C6C3BD-B58E-4264-8B9B-965C20827ED4}.Debug|Win32.Build.0 = Debug|Win32
		{07C6C3BD-B58E-4264-8B9B-965C20827ED4}.Release|Win32.ActiveCfg = Release|Win32
		{07C6C3BD-B58E-4264-8B9B-965C20827ED4}.Release|Win32.Build.0 = Release|Win32
		{1EB6AD02-EAF4-48F2-9649-6166633C47F3}.Debug|Win32.ActiveCfg = Debug|Win32
		{1EB6AD02-EAF4-48F2-9649-6166633C47F3}.Debug|Win32.Build.0 = Debug|Win32
		{1EB6AD02-EAF4-48F2-9649-6166633C47F3}.Release|Win32.ActiveCfg = Release|Win32
		{1EB6AD02-EAF4-48F2-9649-6166633C47F3}.Release|Win32.Build.0 = Release|Win32
	EndGlobalSection
	GlobalSection(SolutionProperties) = preSolution
		HideSolutionNode = FALSE
	EndGlobalSection
EndGlobal
