
Microsoft Visual Studio Solution File, Format Version 12.00
# Visual Studio 2013
VisualStudioVersion = 12.0.30501.0
MinimumVisualStudioVersion = 10.0.40219.1
Project("{8BC9CEB8-8B4A-11D0-8D11-00A0C91BC942}") = "02 二维数组", "02 二维数组\02 二维数组.vcxproj", "{0509EAB3-421D-489C-9DA2-E3596BAB978C}"
EndProject
Project("{8BC9CEB8-8B4A-11D0-8D11-00A0C91BC942}") = "03 函数指针", "..\03 函数指针\03 函数指针.vcxproj", "{8C0DA15B-7D75-462A-A4DD-056E5881FF7D}"
EndProject
Project("{8BC9CEB8-8B4A-11D0-8D11-00A0C91BC942}") = "04 简易计算器", "..\04 简易计算器\04 简易计算器.vcxproj", "{970324B5-FE8E-4BB4-8D45-60C7E28EE7D6}"
EndProject
Global
	GlobalSection(SolutionConfigurationPlatforms) = preSolution
		Debug|Win32 = Debug|Win32
		Release|Win32 = Release|Win32
	EndGlobalSection
	GlobalSection(ProjectConfigurationPlatforms) = postSolution
		{0509EAB3-421D-489C-9DA2-E3596BAB978C}.Debug|Win32.ActiveCfg = Debug|Win32
		{0509EAB3-421D-489C-9DA2-E3596BAB978C}.Debug|Win32.Build.0 = Debug|Win32
		{0509EAB3-421D-489C-9DA2-E3596BAB978C}.Release|Win32.ActiveCfg = Release|Win32
		{0509EAB3-421D-489C-9DA2-E3596BAB978C}.Release|Win32.Build.0 = Release|Win32
		{8C0DA15B-7D75-462A-A4DD-056E5881FF7D}.Debug|Win32.ActiveCfg = Debug|Win32
		{8C0DA15B-7D75-462A-A4DD-056E5881FF7D}.Debug|Win32.Build.0 = Debug|Win32
		{8C0DA15B-7D75-462A-A4DD-056E5881FF7D}.Release|Win32.ActiveCfg = Release|Win32
		{8C0DA15B-7D75-462A-A4DD-056E5881FF7D}.Release|Win32.Build.0 = Release|Win32
		{970324B5-FE8E-4BB4-8D45-60C7E28EE7D6}.Debug|Win32.ActiveCfg = Debug|Win32
		{970324B5-FE8E-4BB4-8D45-60C7E28EE7D6}.Debug|Win32.Build.0 = Debug|Win32
		{970324B5-FE8E-4BB4-8D45-60C7E28EE7D6}.Release|Win32.ActiveCfg = Release|Win32
		{970324B5-FE8E-4BB4-8D45-60C7E28EE7D6}.Release|Win32.Build.0 = Release|Win32
	EndGlobalSection
	GlobalSection(SolutionProperties) = preSolution
		HideSolutionNode = FALSE
	EndGlobalSection
EndGlobal
