
Microsoft Visual Studio Solution File, Format Version 12.00
# Visual Studio 2013
VisualStudioVersion = 12.0.30501.0
MinimumVisualStudioVersion = 10.0.40219.1
Project("{8BC9CEB8-8B4A-11D0-8D11-00A0C91BC942}") = "01 常量", "01 常量\01 常量.vcxproj", "{63C031E3-6752-4811-BB9B-40CA0654EC14}"
EndProject
Project("{8BC9CEB8-8B4A-11D0-8D11-00A0C91BC942}") = "02 字符串", "..\02 字符串\02 字符串.vcxproj", "{CD5557EF-C225-43CE-8005-1DA5AF1FE0B1}"
EndProject
Global
	GlobalSection(SolutionConfigurationPlatforms) = preSolution
		Debug|Win32 = Debug|Win32
		Release|Win32 = Release|Win32
	EndGlobalSection
	GlobalSection(ProjectConfigurationPlatforms) = postSolution
		{63C031E3-6752-4811-BB9B-40CA0654EC14}.Debug|Win32.ActiveCfg = Debug|Win32
		{63C031E3-6752-4811-BB9B-40CA0654EC14}.Debug|Win32.Build.0 = Debug|Win32
		{63C031E3-6752-4811-BB9B-40CA0654EC14}.Release|Win32.ActiveCfg = Release|Win32
		{63C031E3-6752-4811-BB9B-40CA0654EC14}.Release|Win32.Build.0 = Release|Win32
		{CD5557EF-C225-43CE-8005-1DA5AF1FE0B1}.Debug|Win32.ActiveCfg = Debug|Win32
		{CD5557EF-C225-43CE-8005-1DA5AF1FE0B1}.Debug|Win32.Build.0 = Debug|Win32
		{CD5557EF-C225-43CE-8005-1DA5AF1FE0B1}.Release|Win32.ActiveCfg = Release|Win32
		{CD5557EF-C225-43CE-8005-1DA5AF1FE0B1}.Release|Win32.Build.0 = Release|Win32
	EndGlobalSection
	GlobalSection(SolutionProperties) = preSolution
		HideSolutionNode = FALSE
	EndGlobalSection
EndGlobal
