
Microsoft Visual Studio Solution File, Format Version 12.00
# Visual Studio 2013
VisualStudioVersion = 12.0.30501.0
MinimumVisualStudioVersion = 10.0.40219.1
Project("{8BC9CEB8-8B4A-11D0-8D11-00A0C91BC942}") = "05 调整奇数偶数顺序", "05 调整奇数偶数顺序.vcxproj", "{766A481F-2D7B-4DAD-B8E7-7D34BB11D089}"
EndProject
Global
	GlobalSection(SolutionConfigurationPlatforms) = preSolution
		Debug|Win32 = Debug|Win32
		Release|Win32 = Release|Win32
	EndGlobalSection
	GlobalSection(ProjectConfigurationPlatforms) = postSolution
		{766A481F-2D7B-4DAD-B8E7-7D34BB11D089}.Debug|Win32.ActiveCfg = Debug|Win32
		{766A481F-2D7B-4DAD-B8E7-7D34BB11D089}.Debug|Win32.Build.0 = Debug|Win32
		{766A481F-2D7B-4DAD-B8E7-7D34BB11D089}.Release|Win32.ActiveCfg = Release|Win32
		{766A481F-2D7B-4DAD-B8E7-7D34BB11D089}.Release|Win32.Build.0 = Release|Win32
	EndGlobalSection
	GlobalSection(SolutionProperties) = preSolution
		HideSolutionNode = FALSE
	EndGlobalSection
EndGlobal
